
Microsoft Visual Studio Solution File, Format Version 12.00
# Visual Studio Version 17
VisualStudioVersion = 17.7.34024.191
MinimumVisualStudioVersion = 10.0.40219.1
Project("{FAE04EC0-301F-11D3-BF4B-00C04F79EFBC}") = "Заметки", "Заметки.csproj", "{72942F7D-CB5A-4767-972C-B79B6597AAB6}"
EndProject
Global
	GlobalSection(SolutionConfigurationPlatforms) = preSolution
		Debug|Any CPU = Debug|Any CPU
		Release|Any CPU = Release|Any CPU
	EndGlobalSection
	GlobalSection(ProjectConfigurationPlatforms) = postSolution
		{72942F7D-CB5A-4767-972C-B79B6597AAB6}.Debug|Any CPU.ActiveCfg = Debug|Any CPU
		{72942F7D-CB5A-4767-972C-B79B6597AAB6}.Debug|Any CPU.Build.0 = Debug|Any CPU
		{72942F7D-CB5A-4767-972C-B79B6597AAB6}.Release|Any CPU.ActiveCfg = Release|Any CPU
		{72942F7D-CB5A-4767-972C-B79B6597AAB6}.Release|Any CPU.Build.0 = Release|Any CPU
	EndGlobalSection
	GlobalSection(SolutionProperties) = preSolution
		HideSolutionNode = FALSE
	EndGlobalSection
	GlobalSection(ExtensibilityGlobals) = postSolution
		SolutionGuid = {5E48B4C6-3186-4738-A47E-764A3E9CC7E3}
	EndGlobalSection
EndGlobal
